
Microsoft Visual Studio Solution File, Format Version 12.00
# Visual Studio Version 17
VisualStudioVersion = 17.4.33205.214
MinimumVisualStudioVersion = 10.0.40219.1
Project("{FAE04EC0-301F-11D3-BF4B-00C04F79EFBC}") = "my_web_api", "my_web_api\my_web_api.csproj", "{24884019-723E-49DD-99EC-06CD4247EBC3}"
EndProject
Global
	GlobalSection(SolutionConfigurationPlatforms) = preSolution
		Debug|Any CPU = Debug|Any CPU
		Release|Any CPU = Release|Any CPU
	EndGlobalSection
	GlobalSection(ProjectConfigurationPlatforms) = postSolution
		{24884019-723E-49DD-99EC-06CD4247EBC3}.Debug|Any CPU.ActiveCfg = Debug|Any CPU
		{24884019-723E-49DD-99EC-06CD4247EBC3}.Debug|Any CPU.Build.0 = Debug|Any CPU
		{24884019-723E-49DD-99EC-06CD4247EBC3}.Release|Any CPU.ActiveCfg = Release|Any CPU
		{24884019-723E-49DD-99EC-06CD4247EBC3}.Release|Any CPU.Build.0 = Release|Any CPU
	EndGlobalSection
	GlobalSection(SolutionProperties) = preSolution
		HideSolutionNode = FALSE
	EndGlobalSection
	GlobalSection(ExtensibilityGlobals) = postSolution
		SolutionGuid = {85247697-E7DD-473B-BFEC-DFD916F2B65D}
	EndGlobalSection
EndGlobal
